<Solution>
  <Folder Name="/.github/" />
  <Folder Name="/.github/workflows/">
    <File Path="deploy.yml" />
  </Folder>
  <Folder Name="/Solution Items/">
    <File Path=".dockerignore" />
    <File Path="docker-compose.yml" />
    <File Path="Dockerfile" />
  </Folder>
  <Folder Name="/src/">
    <Project Path="src/Firefly.Api/Firefly.Api.csproj" />
    <Project Path="src/Firefly.Application/Firefly.Application.csproj" />
    <Project Path="src/Firefly.Domain/Firefly.Domain.csproj" />
    <Project Path="src/Firefly.Infrastructure/Firefly.Infrastructure.csproj" />
  </Folder>
  <Folder Name="/tests/">
    <Project Path="../../../FireflyBusinessPortal/tests/Firefly.IntegrationTests/Firefly.IntegrationTests.csproj" />
    <Project Path="../../../FireflyBusinessPortal/tests/Firefly.UnitTests/Firefly.UnitTests.csproj" />
  </Folder>
</Solution>
